{
  "name": "@gu/components",
  "version": "0.0.1",
  "lockfileVersion": 1,
  "requires": true,
  "dependencies": {
    "@angular/cdk": {
      "version": "11.1.0",
      "resolved": "https://registry.npmjs.org/@angular/cdk/-/cdk-11.1.0.tgz",
      "integrity": "sha512-yFEHtdp0o/xGnYebrU/PQqWVIlB7SaP3cSviq/LTv/h2EINn3PzU/Zhdhg0k0fk09BrKoS+o8AVIddduIdDpYw==",
      "requires": {
        "parse5": "^5.0.0",
        "tslib": "^2.0.0"
      },
      "dependencies": {
        "tslib": {
          "version": "2.1.0",
          "resolved": "https://registry.npmjs.org/tslib/-/tslib-2.1.0.tgz",
          "integrity": "sha512-hcVC3wYEziELGGmEEXue7D75zbwIIVUMWAVbHItGPx0ziyXxrOMQx4rQEVEV45Ut/1IotuEvwqPopzIOkDMf0A=="
        }
      }
    },
    "@angular/material": {
      "version": "11.1.0",
      "resolved": "https://registry.npmjs.org/@angular/material/-/material-11.1.0.tgz",
      "integrity": "sha512-k7KpU8T32mmi1vaU27SSZ/gwO2YpxEUCTSzAOZNK8YugAXC+A5xPYLcNU8dlzBP4EW7XBkeSSnUacpI199YcyQ==",
      "requires": {
        "tslib": "^2.0.0"
      },
      "dependencies": {
        "tslib": {
          "version": "2.1.0",
          "resolved": "https://registry.npmjs.org/tslib/-/tslib-2.1.0.tgz",
          "integrity": "sha512-hcVC3wYEziELGGmEEXue7D75zbwIIVUMWAVbHItGPx0ziyXxrOMQx4rQEVEV45Ut/1IotuEvwqPopzIOkDMf0A=="
        }
      }
    },
    "@angular/material-moment-adapter": {
      "version": "11.1.0",
      "resolved": "https://registry.npmjs.org/@angular/material-moment-adapter/-/material-moment-adapter-11.1.0.tgz",
      "integrity": "sha512-AtAwjEZsLClQNn2CQkhffBt+6tcJaBcxaD9fcYdF88ARTAquFtW+0jfaE64QttnQbgjMqlAWQHfPp7rqqaCEXg==",
      "requires": {
        "tslib": "^2.0.0"
      }
    },
    "@ng-bootstrap/ng-bootstrap": {
      "version": "9.0.2",
      "resolved": "https://registry.npmjs.org/@ng-bootstrap/ng-bootstrap/-/ng-bootstrap-9.0.2.tgz",
      "integrity": "sha512-MFtpBFKOtLZWFE8JnJWOnYLxXK3GVmVP16vhJsikdxiDVl7CtrnO+YmCYqK30WdS5eIvYKRBJF/hwOH8WvwYFQ==",
      "requires": {
        "tslib": "^2.0.0"
      }
    },
    "@polymer/iron-a11y-announcer": {
      "version": "3.1.0",
      "resolved": "https://registry.npmjs.org/@polymer/iron-a11y-announcer/-/iron-a11y-announcer-3.1.0.tgz",
      "integrity": "sha512-lc5i4NKB8kSQHH0Hwu8WS3ym93m+J69OHJWSSBxwd17FI+h2wmgxDzeG9LI4ojMMck17/uc2pLe7g/UHt5/K/A==",
      "requires": {
        "@polymer/polymer": "^3.0.0"
      }
    },
    "@polymer/iron-a11y-keys-behavior": {
      "version": "3.0.1",
      "resolved": "https://registry.npmjs.org/@polymer/iron-a11y-keys-behavior/-/iron-a11y-keys-behavior-3.0.1.tgz",
      "integrity": "sha512-lnrjKq3ysbBPT/74l0Fj0U9H9C35Tpw2C/tpJ8a+5g8Y3YJs1WSZYnEl1yOkw6sEyaxOq/1DkzH0+60gGu5/PQ==",
      "requires": {
        "@polymer/polymer": "^3.0.0"
      }
    },
    "@polymer/iron-flex-layout": {
      "version": "3.0.1",
      "resolved": "https://registry.npmjs.org/@polymer/iron-flex-layout/-/iron-flex-layout-3.0.1.tgz",
      "integrity": "sha512-7gB869czArF+HZcPTVSgvA7tXYFze9EKckvM95NB7SqYF+NnsQyhoXgKnpFwGyo95lUjUW9TFDLUwDXnCYFtkw==",
      "requires": {
        "@polymer/polymer": "^3.0.0"
      }
    },
    "@polymer/iron-icon": {
      "version": "3.0.1",
      "resolved": "https://registry.npmjs.org/@polymer/iron-icon/-/iron-icon-3.0.1.tgz",
      "integrity": "sha512-QLPwirk+UPZNaLnMew9VludXA4CWUCenRewgEcGYwdzVgDPCDbXxy6vRJjmweZobMQv/oVLppT2JZtJFnPxX6g==",
      "requires": {
        "@polymer/iron-flex-layout": "^3.0.0-pre.26",
        "@polymer/iron-meta": "^3.0.0-pre.26",
        "@polymer/polymer": "^3.0.0"
      }
    },
    "@polymer/iron-iconset-svg": {
      "version": "3.0.1",
      "resolved": "https://registry.npmjs.org/@polymer/iron-iconset-svg/-/iron-iconset-svg-3.0.1.tgz",
      "integrity": "sha512-XNwURbNHRw6u2fJe05O5fMYye6GSgDlDqCO+q6K1zAnKIrpgZwf2vTkBd5uCcZwsN0FyCB3mvNZx4jkh85dRDw==",
      "requires": {
        "@polymer/iron-meta": "^3.0.0-pre.26",
        "@polymer/polymer": "^3.0.0"
      }
    },
    "@polymer/iron-media-query": {
      "version": "3.0.1",
      "resolved": "https://registry.npmjs.org/@polymer/iron-media-query/-/iron-media-query-3.0.1.tgz",
      "integrity": "sha512-czUX1pm1zfmfcZtq5J57XFkcobBv08Y50exp0/3v8Bos5VL/jv2tU0RwiTfDBxUMhjicGbgwEBFQPY2V5DMzyw==",
      "requires": {
        "@polymer/polymer": "^3.0.0"
      }
    },
    "@polymer/iron-meta": {
      "version": "3.0.1",
      "resolved": "https://registry.npmjs.org/@polymer/iron-meta/-/iron-meta-3.0.1.tgz",
      "integrity": "sha512-pWguPugiLYmWFV9UWxLWzZ6gm4wBwQdDy4VULKwdHCqR7OP7u98h+XDdGZsSlDPv6qoryV/e3tGHlTIT0mbzJA==",
      "requires": {
        "@polymer/polymer": "^3.0.0"
      }
    },
    "@polymer/iron-resizable-behavior": {
      "version": "3.0.1",
      "resolved": "https://registry.npmjs.org/@polymer/iron-resizable-behavior/-/iron-resizable-behavior-3.0.1.tgz",
      "integrity": "sha512-FyHxRxFspVoRaeZSWpT3y0C9awomb4tXXolIJcZ7RvXhMP632V5lez+ch5G5SwK0LpnAPkg35eB0LPMFv+YMMQ==",
      "requires": {
        "@polymer/polymer": "^3.0.0"
      }
    },
    "@polymer/polymer": {
      "version": "3.4.1",
      "resolved": "https://registry.npmjs.org/@polymer/polymer/-/polymer-3.4.1.tgz",
      "integrity": "sha512-KPWnhDZibtqKrUz7enIPOiO4ZQoJNOuLwqrhV2MXzIt3VVnUVJVG5ORz4Z2sgO+UZ+/UZnPD0jqY+jmw/+a9mQ==",
      "requires": {
        "@webcomponents/shadycss": "^1.9.1"
      }
    },
    "@vaadin/vaadin-button": {
      "version": "2.4.0",
      "resolved": "https://registry.npmjs.org/@vaadin/vaadin-button/-/vaadin-button-2.4.0.tgz",
      "integrity": "sha512-C94F07OOb5Ciq2BY4CklIQG+WJFA6QoTFDQl8JJloJgPI12b9kmyP8uRgfq4VAHHusqKqIvA8AB6VZuGg5lagg==",
      "requires": {
        "@polymer/polymer": "^3.0.0",
        "@vaadin/vaadin-control-state-mixin": "^2.2.1",
        "@vaadin/vaadin-element-mixin": "^2.4.1",
        "@vaadin/vaadin-lumo-styles": "^1.3.3",
        "@vaadin/vaadin-material-styles": "^1.2.0",
        "@vaadin/vaadin-themable-mixin": "^1.6.1"
      }
    },
    "@vaadin/vaadin-control-state-mixin": {
      "version": "2.2.4",
      "resolved": "https://registry.npmjs.org/@vaadin/vaadin-control-state-mixin/-/vaadin-control-state-mixin-2.2.4.tgz",
      "integrity": "sha512-oGsNaWbM6RisY1LkyWYtwnw+DtSRSpkFDbemEOtkYezj+Hhsd9+07LqILaUU4pB0zPaRq+uq+2tKba/TL3t23g==",
      "requires": {
        "@polymer/polymer": "^3.0.0"
      }
    },
    "@vaadin/vaadin-date-picker": {
      "version": "4.4.1",
      "resolved": "https://registry.npmjs.org/@vaadin/vaadin-date-picker/-/vaadin-date-picker-4.4.1.tgz",
      "integrity": "sha512-BVUrrnCIdPt6jkIC5RHsjsjDR5KanEAGNxJ9gBM70pQsvZEBksmKo1RJwXvra1uXHLHl8gyz4W+p3MRUDqX1fA==",
      "requires": {
        "@polymer/iron-a11y-announcer": "^3.0.0",
        "@polymer/iron-a11y-keys-behavior": "^3.0.0",
        "@polymer/iron-media-query": "^3.0.0",
        "@polymer/iron-resizable-behavior": "^3.0.0",
        "@polymer/polymer": "^3.0.0",
        "@vaadin/vaadin-button": "^2.4.0",
        "@vaadin/vaadin-control-state-mixin": "^2.2.2",
        "@vaadin/vaadin-element-mixin": "^2.4.1",
        "@vaadin/vaadin-lumo-styles": "^1.6.0",
        "@vaadin/vaadin-material-styles": "^1.3.2",
        "@vaadin/vaadin-overlay": "^3.5.0",
        "@vaadin/vaadin-text-field": "^2.8.0",
        "@vaadin/vaadin-themable-mixin": "^1.6.1"
      }
    },
    "@vaadin/vaadin-development-mode-detector": {
      "version": "2.0.4",
      "resolved": "https://registry.npmjs.org/@vaadin/vaadin-development-mode-detector/-/vaadin-development-mode-detector-2.0.4.tgz",
      "integrity": "sha512-S+PaFrZpK8uBIOnIHxjntTrgumd5ztuCnZww96ydGKXgo9whXfZsbMwDuD/102a/IuPUMyF+dh/n3PbWzJ6igA=="
    },
    "@vaadin/vaadin-element-mixin": {
      "version": "2.4.2",
      "resolved": "https://registry.npmjs.org/@vaadin/vaadin-element-mixin/-/vaadin-element-mixin-2.4.2.tgz",
      "integrity": "sha512-VSDVK0XUsFe/RohpwSzQwgqb2Pwpok6sDNhIDS4CARr3HPhq2voMzT/FowFbkEy0J1hFtN/ZfC7tkv3kdEKKIQ==",
      "requires": {
        "@polymer/polymer": "^3.0.0",
        "@vaadin/vaadin-development-mode-detector": "^2.0.0",
        "@vaadin/vaadin-usage-statistics": "^2.1.0"
      }
    },
    "@vaadin/vaadin-lumo-styles": {
      "version": "1.6.1",
      "resolved": "https://registry.npmjs.org/@vaadin/vaadin-lumo-styles/-/vaadin-lumo-styles-1.6.1.tgz",
      "integrity": "sha512-Yh9ZcekpY7byXP1QJnfx94rVvK71xHBEspsVV7LL7YMvqXU4EAYuzQGYsljryV4PGS9PFPD6sqbGqhEkIhHPnQ==",
      "requires": {
        "@polymer/iron-icon": "^3.0.0",
        "@polymer/iron-iconset-svg": "^3.0.0",
        "@polymer/polymer": "^3.0.0"
      }
    },
    "@vaadin/vaadin-material-styles": {
      "version": "1.3.2",
      "resolved": "https://registry.npmjs.org/@vaadin/vaadin-material-styles/-/vaadin-material-styles-1.3.2.tgz",
      "integrity": "sha512-EFrvGScoxhLNrPnWtT2Ia77whjF2TD4jrcyeh1jv9joCA2n5SUba+4XJciVSGmopqqQato6lwRnZSvMLJX7cyw==",
      "requires": {
        "@polymer/polymer": "^3.0.0"
      }
    },
    "@vaadin/vaadin-overlay": {
      "version": "3.5.1",
      "resolved": "https://registry.npmjs.org/@vaadin/vaadin-overlay/-/vaadin-overlay-3.5.1.tgz",
      "integrity": "sha512-0g+poK/BXF92L2lSKrHMY5rcKzUxCBZNzP/NDwgi4a86nbjL7CAKKZdno7Yl+j8UsTR76nOEw4fAYTFi86B0qg==",
      "requires": {
        "@polymer/polymer": "^3.0.0",
        "@vaadin/vaadin-element-mixin": "^2.4.0",
        "@vaadin/vaadin-lumo-styles": "^1.3.0",
        "@vaadin/vaadin-material-styles": "^1.2.0",
        "@vaadin/vaadin-themable-mixin": "^1.6.1"
      }
    },
    "@vaadin/vaadin-text-field": {
      "version": "2.8.2",
      "resolved": "https://registry.npmjs.org/@vaadin/vaadin-text-field/-/vaadin-text-field-2.8.2.tgz",
      "integrity": "sha512-Ssgb/oqc1rtnMCD3TK13Hn0zfpiyVbY6Sddov4213HCH0/x3lI1/CG13MlN6Kwn4tPLliwwMJG1qm1w96ANxYQ==",
      "requires": {
        "@polymer/polymer": "^3.0.0",
        "@vaadin/vaadin-control-state-mixin": "^2.2.1",
        "@vaadin/vaadin-element-mixin": "^2.4.1",
        "@vaadin/vaadin-lumo-styles": "^1.6.0",
        "@vaadin/vaadin-material-styles": "^1.3.2",
        "@vaadin/vaadin-themable-mixin": "^1.6.1"
      }
    },
    "@vaadin/vaadin-themable-mixin": {
      "version": "1.6.2",
      "resolved": "https://registry.npmjs.org/@vaadin/vaadin-themable-mixin/-/vaadin-themable-mixin-1.6.2.tgz",
      "integrity": "sha512-PZZOZnke3KUlZsDrRVbWxAGEeFBPRyRayNRCvip0XnQK+Zs3cLuRgdgbdro3Ir9LZ3Izsw6HqA6XNMKffEP67A==",
      "requires": {
        "@polymer/polymer": "^3.0.0",
        "lit-element": "^2.0.0"
      }
    },
    "@vaadin/vaadin-usage-statistics": {
      "version": "2.1.0",
      "resolved": "https://registry.npmjs.org/@vaadin/vaadin-usage-statistics/-/vaadin-usage-statistics-2.1.0.tgz",
      "integrity": "sha512-e81nbqY5zsaYhLJuOVkJkB/Um1pGK5POIqIlTNhUfjeoyGaJ63tiX8+D5n6F+GgVxUTLUarsKa6SKRcQel0AzA==",
      "requires": {
        "@vaadin/vaadin-development-mode-detector": "^2.0.0"
      }
    },
    "@webcomponents/shadycss": {
      "version": "1.10.2",
      "resolved": "https://registry.npmjs.org/@webcomponents/shadycss/-/shadycss-1.10.2.tgz",
      "integrity": "sha512-9Iseu8bRtecb0klvv+WXZOVZatsRkbaH7M97Z+f+Pt909R4lDfgUODAnra23DOZTpeMTAkVpf4m/FZztN7Ox1A=="
    },
    "lit-element": {
      "version": "2.4.0",
      "resolved": "https://registry.npmjs.org/lit-element/-/lit-element-2.4.0.tgz",
      "integrity": "sha512-pBGLglxyhq/Prk2H91nA0KByq/hx/wssJBQFiYqXhGDvEnY31PRGYf1RglVzyLeRysu0IHm2K0P196uLLWmwFg==",
      "requires": {
        "lit-html": "^1.1.1"
      }
    },
    "lit-html": {
      "version": "1.3.0",
      "resolved": "https://registry.npmjs.org/lit-html/-/lit-html-1.3.0.tgz",
      "integrity": "sha512-0Q1bwmaFH9O14vycPHw8C/IeHMk/uSDldVLIefu/kfbTBGIc44KGH6A8p1bDfxUfHdc8q6Ct7kQklWoHgr4t1Q=="
    },
    "ng-multiselect-dropdown": {
      "version": "0.3.1",
      "resolved": "https://registry.npmjs.org/ng-multiselect-dropdown/-/ng-multiselect-dropdown-0.3.1.tgz",
      "integrity": "sha512-algPJRunzMgJ489dG5BeIxR4mIYR/a34fZuW5jglrbkq9MDvtPHWnoRL9WWCBRCotXDqqjvIZqVqodXFTSIYBg==",
      "requires": {
        "tslib": "^1.9.0"
      },
      "dependencies": {
        "tslib": {
          "version": "1.14.1",
          "resolved": "https://registry.npmjs.org/tslib/-/tslib-1.14.1.tgz",
          "integrity": "sha512-Xni35NKzjgMrwevysHTCArtLDpPvye8zV/0E4EyYn43P7/7qvQwPh9BGkHewbMulVntbigmcT7rdX3BNo9wRJg=="
        }
      }
    },
    "parse5": {
      "version": "5.1.1",
      "resolved": "https://registry.npmjs.org/parse5/-/parse5-5.1.1.tgz",
      "integrity": "sha512-ugq4DFI0Ptb+WWjAdOK16+u/nHfiIrcE+sh8kZMaM0WllQKLI9rOUq6c2b7cwPkXdzfQESqvoqK6ug7U/Yyzug==",
      "optional": true
    },
    "tslib": {
      "version": "2.1.0",
      "resolved": "https://registry.npmjs.org/tslib/-/tslib-2.1.0.tgz",
      "integrity": "sha512-hcVC3wYEziELGGmEEXue7D75zbwIIVUMWAVbHItGPx0ziyXxrOMQx4rQEVEV45Ut/1IotuEvwqPopzIOkDMf0A=="
    }
  }
}
